
Microsoft Visual Studio Solution File, Format Version 12.00
# Visual Studio 15
Project("{FAE04EC0-301F-11D3-BF4B-00C04F79EFBC}") = "Assembly-CSharp", "Assembly-CSharp.csproj", "{F59FF121-C33E-486B-BF0E-6B4EA3A1535E}"
EndProject
Project("{FAE04EC0-301F-11D3-BF4B-00C04F79EFBC}") = "Assembly-CSharp-Editor", "Assembly-CSharp-Editor.csproj", "{3D92BCA1-8532-B9DA-D8AC-94A13EBDE1AB}"
EndProject
Global
	GlobalSection(SolutionConfigurationPlatforms) = preSolution
		Debug|Any CPU = Debug|Any CPU
		Release|Any CPU = Release|Any CPU
	EndGlobalSection
	GlobalSection(ProjectConfigurationPlatforms) = postSolution
		{F59FF121-C33E-486B-BF0E-6B4EA3A1535E}.Debug|Any CPU.ActiveCfg = Debug|Any CPU
		{F59FF121-C33E-486B-BF0E-6B4EA3A1535E}.Debug|Any CPU.Build.0 = Debug|Any CPU
		{F59FF121-C33E-486B-BF0E-6B4EA3A1535E}.Release|Any CPU.ActiveCfg = Release|Any CPU
		{F59FF121-C33E-486B-BF0E-6B4EA3A1535E}.Release|Any CPU.Build.0 = Release|Any CPU
		{3D92BCA1-8532-B9DA-D8AC-94A13EBDE1AB}.Debug|Any CPU.ActiveCfg = Debug|Any CPU
		{3D92BCA1-8532-B9DA-D8AC-94A13EBDE1AB}.Debug|Any CPU.Build.0 = Debug|Any CPU
		{3D92BCA1-8532-B9DA-D8AC-94A13EBDE1AB}.Release|Any CPU.ActiveCfg = Release|Any CPU
		{3D92BCA1-8532-B9DA-D8AC-94A13EBDE1AB}.Release|Any CPU.Build.0 = Release|Any CPU
	EndGlobalSection
	GlobalSection(SolutionProperties) = preSolution
		HideSolutionNode = FALSE
	EndGlobalSection
EndGlobal
